
Microsoft Visual Studio Solution File, Format Version 12.00
# Visual Studio Version 17
VisualStudioVersion = 17.8.34309.116
MinimumVisualStudioVersion = 10.0.40219.1
Project("{FAE04EC0-301F-11D3-BF4B-00C04F79EFBC}") = "WebApp", "WebApp\WebApp.csproj", "{CA9795A1-D342-49D6-B915-0F0D75A14D4A}"
EndProject
Project("{FAE04EC0-301F-11D3-BF4B-00C04F79EFBC}") = "BookRhythm.Api", "BookRhythm.Api\BookRhythm.Api.csproj", "{DAA659E6-AC39-4D69-8682-4642B8741E9A}"
EndProject
Global
	GlobalSection(SolutionConfigurationPlatforms) = preSolution
		Debug|Any CPU = Debug|Any CPU
		Release|Any CPU = Release|Any CPU
	EndGlobalSection
	GlobalSection(ProjectConfigurationPlatforms) = postSolution
		{CA9795A1-D342-49D6-B915-0F0D75A14D4A}.Debug|Any CPU.ActiveCfg = Debug|Any CPU
		{CA9795A1-D342-49D6-B915-0F0D75A14D4A}.Debug|Any CPU.Build.0 = Debug|Any CPU
		{CA9795A1-D342-49D6-B915-0F0D75A14D4A}.Release|Any CPU.ActiveCfg = Release|Any CPU
		{CA9795A1-D342-49D6-B915-0F0D75A14D4A}.Release|Any CPU.Build.0 = Release|Any CPU
		{DAA659E6-AC39-4D69-8682-4642B8741E9A}.Debug|Any CPU.ActiveCfg = Debug|Any CPU
		{DAA659E6-AC39-4D69-8682-4642B8741E9A}.Debug|Any CPU.Build.0 = Debug|Any CPU
		{DAA659E6-AC39-4D69-8682-4642B8741E9A}.Release|Any CPU.ActiveCfg = Release|Any CPU
		{DAA659E6-AC39-4D69-8682-4642B8741E9A}.Release|Any CPU.Build.0 = Release|Any CPU
	EndGlobalSection
	GlobalSection(SolutionProperties) = preSolution
		HideSolutionNode = FALSE
	EndGlobalSection
	GlobalSection(ExtensibilityGlobals) = postSolution
		SolutionGuid = {C53798CC-8A6D-4B50-8820-64C64DBBBA72}
	EndGlobalSection
EndGlobal
